
Microsoft Visual Studio Solution File, Format Version 12.00
# Visual Studio Version 17
VisualStudioVersion = 17.7.34202.233
MinimumVisualStudioVersion = 10.0.40219.1
Project("{FAE04EC0-301F-11D3-BF4B-00C04F79EFBC}") = "WpfApp_task1", "WpfApp_task1\WpfApp_task1.csproj", "{928AEFFB-9FD8-4EC1-B10D-A4F1A4EBACCF}"
EndProject
Global
	GlobalSection(SolutionConfigurationPlatforms) = preSolution
		Debug|Any CPU = Debug|Any CPU
		Release|Any CPU = Release|Any CPU
	EndGlobalSection
	GlobalSection(ProjectConfigurationPlatforms) = postSolution
		{928AEFFB-9FD8-4EC1-B10D-A4F1A4EBACCF}.Debug|Any CPU.ActiveCfg = Debug|Any CPU
		{928AEFFB-9FD8-4EC1-B10D-A4F1A4EBACCF}.Debug|Any CPU.Build.0 = Debug|Any CPU
		{928AEFFB-9FD8-4EC1-B10D-A4F1A4EBACCF}.Release|Any CPU.ActiveCfg = Release|Any CPU
		{928AEFFB-9FD8-4EC1-B10D-A4F1A4EBACCF}.Release|Any CPU.Build.0 = Release|Any CPU
	EndGlobalSection
	GlobalSection(SolutionProperties) = preSolution
		HideSolutionNode = FALSE
	EndGlobalSection
	GlobalSection(ExtensibilityGlobals) = postSolution
		SolutionGuid = {850CD11D-7A4A-4B4F-8C02-6E57AF1D0844}
	EndGlobalSection
EndGlobal
